
Microsoft Visual Studio Solution File, Format Version 12.00
# Visual Studio Version 17
VisualStudioVersion = 17.2.32516.85
MinimumVisualStudioVersion = 10.0.40219.1
Project("{FAE04EC0-301F-11D3-BF4B-00C04F79EFBC}") = "Presentation Layer", "Project 2\Presentation Layer.csproj", "{BCFAA547-7C9A-4387-ACC2-51D0B639639E}"
EndProject
Project("{FAE04EC0-301F-11D3-BF4B-00C04F79EFBC}") = "BLL", "BLL\BLL.csproj", "{FDE7CE2C-5504-41BD-878F-12594A1346FD}"
EndProject
Project("{FAE04EC0-301F-11D3-BF4B-00C04F79EFBC}") = "DAL", "DAL\DAL.csproj", "{C45CD3F2-39AB-4CBB-BF2D-088841F46269}"
EndProject
Global
	GlobalSection(SolutionConfigurationPlatforms) = preSolution
		Debug|Any CPU = Debug|Any CPU
		Release|Any CPU = Release|Any CPU
	EndGlobalSection
	GlobalSection(ProjectConfigurationPlatforms) = postSolution
		{BCFAA547-7C9A-4387-ACC2-51D0B639639E}.Debug|Any CPU.ActiveCfg = Debug|Any CPU
		{BCFAA547-7C9A-4387-ACC2-51D0B639639E}.Debug|Any CPU.Build.0 = Debug|Any CPU
		{BCFAA547-7C9A-4387-ACC2-51D0B639639E}.Release|Any CPU.ActiveCfg = Release|Any CPU
		{BCFAA547-7C9A-4387-ACC2-51D0B639639E}.Release|Any CPU.Build.0 = Release|Any CPU
		{FDE7CE2C-5504-41BD-878F-12594A1346FD}.Debug|Any CPU.ActiveCfg = Debug|Any CPU
		{FDE7CE2C-5504-41BD-878F-12594A1346FD}.Debug|Any CPU.Build.0 = Debug|Any CPU
		{FDE7CE2C-5504-41BD-878F-12594A1346FD}.Release|Any CPU.ActiveCfg = Release|Any CPU
		{FDE7CE2C-5504-41BD-878F-12594A1346FD}.Release|Any CPU.Build.0 = Release|Any CPU
		{C45CD3F2-39AB-4CBB-BF2D-088841F46269}.Debug|Any CPU.ActiveCfg = Debug|Any CPU
		{C45CD3F2-39AB-4CBB-BF2D-088841F46269}.Debug|Any CPU.Build.0 = Debug|Any CPU
		{C45CD3F2-39AB-4CBB-BF2D-088841F46269}.Release|Any CPU.ActiveCfg = Release|Any CPU
		{C45CD3F2-39AB-4CBB-BF2D-088841F46269}.Release|Any CPU.Build.0 = Release|Any CPU
	EndGlobalSection
	GlobalSection(SolutionProperties) = preSolution
		HideSolutionNode = FALSE
	EndGlobalSection
	GlobalSection(ExtensibilityGlobals) = postSolution
		SolutionGuid = {D5FEEDEF-A1E2-4EEA-BD01-2FCE95195787}
	EndGlobalSection
EndGlobal
